
Microsoft Visual Studio Solution File, Format Version 12.00
# Visual Studio Version 17
VisualStudioVersion = 17.8.34322.80
MinimumVisualStudioVersion = 10.0.40219.1
Project("{FAE04EC0-301F-11D3-BF4B-00C04F79EFBC}") = "ITMO.WPFAppCS.FinalApp01", "ITMO.WPFAppCS.FinalApp01\ITMO.WPFAppCS.FinalApp01.csproj", "{2177BFD7-2D2C-4CD0-94D8-E16B08B7EF85}"
EndProject
Project("{FAE04EC0-301F-11D3-BF4B-00C04F79EFBC}") = "ITMO.WPFAppCS.Lab01.Task1.Task2.Lab02.WpfHello", "ITMO.WPFAppCS.Lab01.Task1.Task2.WpfHello\ITMO.WPFAppCS.Lab01.Task1.Task2.Lab02.WpfHello.csproj", "{E6AC129F-CCA2-46A9-B93F-082CE26D6A29}"
EndProject
Project("{FAE04EC0-301F-11D3-BF4B-00C04F79EFBC}") = "ITMO.WPFAppCS.Lab01.Task3.WpfHelloNav", "ITMO.WPFAppCS.Lab01.Task3.WpfHelloNav\ITMO.WPFAppCS.Lab01.Task3.WpfHelloNav.csproj", "{9370816F-E88F-4A11-9BE7-E32904E47ECA}"
EndProject
Project("{FAE04EC0-301F-11D3-BF4B-00C04F79EFBC}") = "ITMO.WPFAppCS.Lab03.Task1", "ITMO.WPFAppCS.Lab03.Task1.Task2\ITMO.WPFAppCS.Lab03.Task1.csproj", "{8760B691-11D0-4E66-B221-9995E37BCA74}"
EndProject
Project("{FAE04EC0-301F-11D3-BF4B-00C04F79EFBC}") = "ITMO.WPFAppCS.Lab09", "ITMO.WPFAppCS.Lab10\ITMO.WPFAppCS.Lab09.csproj", "{F4EA55EE-17CD-4738-8D08-C11DD4DBE213}"
EndProject
Project("{FAE04EC0-301F-11D3-BF4B-00C04F79EFBC}") = "ITMO.WPFAppCS.Lab10.Task1", "ITMO.WPFAppCS.Lab10.Task1\ITMO.WPFAppCS.Lab10.Task1.csproj", "{9C82764C-0105-47DB-9680-89EB27C4AC8F}"
EndProject
Project("{FAE04EC0-301F-11D3-BF4B-00C04F79EFBC}") = "ITMO.WPFAppCS.Lab10.Task2", "ITMO.WPFAppCS.Lab10.Task2\ITMO.WPFAppCS.Lab10.Task2.csproj", "{FA7DC593-FF59-4B4E-BA17-A0E9B131A2D1}"
EndProject
Project("{FAE04EC0-301F-11D3-BF4B-00C04F79EFBC}") = "ITMO.WPFAppCS.Lab03.Task2", "ITMO.WPFAppCS.Lab03.Task2\ITMO.WPFAppCS.Lab03.Task2.csproj", "{91349C38-1DC6-42AB-98EB-907AD160A914}"
EndProject
Global
	GlobalSection(SolutionConfigurationPlatforms) = preSolution
		Debug|Any CPU = Debug|Any CPU
		Release|Any CPU = Release|Any CPU
	EndGlobalSection
	GlobalSection(ProjectConfigurationPlatforms) = postSolution
		{2177BFD7-2D2C-4CD0-94D8-E16B08B7EF85}.Debug|Any CPU.ActiveCfg = Debug|Any CPU
		{2177BFD7-2D2C-4CD0-94D8-E16B08B7EF85}.Debug|Any CPU.Build.0 = Debug|Any CPU
		{2177BFD7-2D2C-4CD0-94D8-E16B08B7EF85}.Release|Any CPU.ActiveCfg = Release|Any CPU
		{2177BFD7-2D2C-4CD0-94D8-E16B08B7EF85}.Release|Any CPU.Build.0 = Release|Any CPU
		{E6AC129F-CCA2-46A9-B93F-082CE26D6A29}.Debug|Any CPU.ActiveCfg = Debug|Any CPU
		{E6AC129F-CCA2-46A9-B93F-082CE26D6A29}.Debug|Any CPU.Build.0 = Debug|Any CPU
		{E6AC129F-CCA2-46A9-B93F-082CE26D6A29}.Release|Any CPU.ActiveCfg = Release|Any CPU
		{E6AC129F-CCA2-46A9-B93F-082CE26D6A29}.Release|Any CPU.Build.0 = Release|Any CPU
		{9370816F-E88F-4A11-9BE7-E32904E47ECA}.Debug|Any CPU.ActiveCfg = Debug|Any CPU
		{9370816F-E88F-4A11-9BE7-E32904E47ECA}.Debug|Any CPU.Build.0 = Debug|Any CPU
		{9370816F-E88F-4A11-9BE7-E32904E47ECA}.Release|Any CPU.ActiveCfg = Release|Any CPU
		{9370816F-E88F-4A11-9BE7-E32904E47ECA}.Release|Any CPU.Build.0 = Release|Any CPU
		{8760B691-11D0-4E66-B221-9995E37BCA74}.Debug|Any CPU.ActiveCfg = Debug|Any CPU
		{8760B691-11D0-4E66-B221-9995E37BCA74}.Debug|Any CPU.Build.0 = Debug|Any CPU
		{8760B691-11D0-4E66-B221-9995E37BCA74}.Release|Any CPU.ActiveCfg = Release|Any CPU
		{8760B691-11D0-4E66-B221-9995E37BCA74}.Release|Any CPU.Build.0 = Release|Any CPU
		{F4EA55EE-17CD-4738-8D08-C11DD4DBE213}.Debug|Any CPU.ActiveCfg = Debug|Any CPU
		{F4EA55EE-17CD-4738-8D08-C11DD4DBE213}.Debug|Any CPU.Build.0 = Debug|Any CPU
		{F4EA55EE-17CD-4738-8D08-C11DD4DBE213}.Release|Any CPU.ActiveCfg = Release|Any CPU
		{F4EA55EE-17CD-4738-8D08-C11DD4DBE213}.Release|Any CPU.Build.0 = Release|Any CPU
		{9C82764C-0105-47DB-9680-89EB27C4AC8F}.Debug|Any CPU.ActiveCfg = Debug|Any CPU
		{9C82764C-0105-47DB-9680-89EB27C4AC8F}.Debug|Any CPU.Build.0 = Debug|Any CPU
		{9C82764C-0105-47DB-9680-89EB27C4AC8F}.Release|Any CPU.ActiveCfg = Release|Any CPU
		{9C82764C-0105-47DB-9680-89EB27C4AC8F}.Release|Any CPU.Build.0 = Release|Any CPU
		{FA7DC593-FF59-4B4E-BA17-A0E9B131A2D1}.Debug|Any CPU.ActiveCfg = Debug|Any CPU
		{FA7DC593-FF59-4B4E-BA17-A0E9B131A2D1}.Debug|Any CPU.Build.0 = Debug|Any CPU
		{FA7DC593-FF59-4B4E-BA17-A0E9B131A2D1}.Release|Any CPU.ActiveCfg = Release|Any CPU
		{FA7DC593-FF59-4B4E-BA17-A0E9B131A2D1}.Release|Any CPU.Build.0 = Release|Any CPU
		{91349C38-1DC6-42AB-98EB-907AD160A914}.Debug|Any CPU.ActiveCfg = Debug|Any CPU
		{91349C38-1DC6-42AB-98EB-907AD160A914}.Debug|Any CPU.Build.0 = Debug|Any CPU
		{91349C38-1DC6-42AB-98EB-907AD160A914}.Release|Any CPU.ActiveCfg = Release|Any CPU
		{91349C38-1DC6-42AB-98EB-907AD160A914}.Release|Any CPU.Build.0 = Release|Any CPU
	EndGlobalSection
	GlobalSection(SolutionProperties) = preSolution
		HideSolutionNode = FALSE
	EndGlobalSection
	GlobalSection(ExtensibilityGlobals) = postSolution
		SolutionGuid = {C926290D-8947-4F92-8629-D30EEC39E00D}
	EndGlobalSection
EndGlobal
